
Microsoft Visual Studio Solution File, Format Version 12.00
# Visual Studio Version 16
VisualStudioVersion = 16.0.29806.167
MinimumVisualStudioVersion = 10.0.40219.1
Project("{FAE04EC0-301F-11D3-BF4B-00C04F79EFBC}") = "AppSlotTest", "AppSlotTest\AppSlotTest.csproj", "{3EEEAC16-C932-4C6D-B274-E42540E62CF0}"
EndProject
Global
	GlobalSection(SolutionConfigurationPlatforms) = preSolution
		Debug|Any CPU = Debug|Any CPU
		Release|Any CPU = Release|Any CPU
	EndGlobalSection
	GlobalSection(ProjectConfigurationPlatforms) = postSolution
		{3EEEAC16-C932-4C6D-B274-E42540E62CF0}.Debug|Any CPU.ActiveCfg = Debug|Any CPU
		{3EEEAC16-C932-4C6D-B274-E42540E62CF0}.Debug|Any CPU.Build.0 = Debug|Any CPU
		{3EEEAC16-C932-4C6D-B274-E42540E62CF0}.Release|Any CPU.ActiveCfg = Release|Any CPU
		{3EEEAC16-C932-4C6D-B274-E42540E62CF0}.Release|Any CPU.Build.0 = Release|Any CPU
	EndGlobalSection
	GlobalSection(SolutionProperties) = preSolution
		HideSolutionNode = FALSE
	EndGlobalSection
	GlobalSection(ExtensibilityGlobals) = postSolution
		SolutionGuid = {5C01D08C-5CEB-4EA5-934E-94C7A689EFD2}
	EndGlobalSection
EndGlobal
